
Microsoft Visual Studio Solution File, Format Version 12.00
# Visual Studio Version 17
VisualStudioVersion = 17.5.33530.505
MinimumVisualStudioVersion = 10.0.40219.1
Project("{FAE04EC0-301F-11D3-BF4B-00C04F79EFBC}") = "GPTsanOekakidesuyoCS", "GPTsanOekakidesuyoCS\GPTsanOekakidesuyoCS.csproj", "{AB6E3AFE-E2EF-4A4C-BA49-DBCE61695234}"
EndProject
Global
	GlobalSection(SolutionConfigurationPlatforms) = preSolution
		Debug|Any CPU = Debug|Any CPU
		Release|Any CPU = Release|Any CPU
	EndGlobalSection
	GlobalSection(ProjectConfigurationPlatforms) = postSolution
		{AB6E3AFE-E2EF-4A4C-BA49-DBCE61695234}.Debug|Any CPU.ActiveCfg = Debug|Any CPU
		{AB6E3AFE-E2EF-4A4C-BA49-DBCE61695234}.Debug|Any CPU.Build.0 = Debug|Any CPU
		{AB6E3AFE-E2EF-4A4C-BA49-DBCE61695234}.Release|Any CPU.ActiveCfg = Release|Any CPU
		{AB6E3AFE-E2EF-4A4C-BA49-DBCE61695234}.Release|Any CPU.Build.0 = Release|Any CPU
	EndGlobalSection
	GlobalSection(SolutionProperties) = preSolution
		HideSolutionNode = FALSE
	EndGlobalSection
	GlobalSection(ExtensibilityGlobals) = postSolution
		SolutionGuid = {CC094537-0F3C-4573-9195-27B1304EC99C}
	EndGlobalSection
EndGlobal
